Microsoft Visual Studio Solution File, Format Version 12.00
# Visual Studio Version 17
VisualStudioVersion = 17.5.2.0
MinimumVisualStudioVersion = 10.0.40219.1
Project("{FAE04EC0-301F-11D3-BF4B-00C04F79EFBC}") = "Slido.BuildTasks", "src\Slido.BuildTasks.csproj", "{7A98875C-8C86-C3D8-8EA4-E5FB2846A584}"
EndProject
Project("{FAE04EC0-301F-11D3-BF4B-00C04F79EFBC}") = "Slido.BuildTasks.Tests", "tests\Slido.BuildTasks.Tests.csproj", "{3905AEB3-54F9-DEE0-6FAE-96E780B9AE3E}"
EndProject
Global
	GlobalSection(SolutionConfigurationPlatforms) = preSolution
		Debug|Any CPU = Debug|Any CPU
		Release|Any CPU = Release|Any CPU
	EndGlobalSection
	GlobalSection(ProjectConfigurationPlatforms) = postSolution
		{7A98875C-8C86-C3D8-8EA4-E5FB2846A584}.Debug|Any CPU.ActiveCfg = Debug|Any CPU
		{7A98875C-8C86-C3D8-8EA4-E5FB2846A584}.Debug|Any CPU.Build.0 = Debug|Any CPU
		{7A98875C-8C86-C3D8-8EA4-E5FB2846A584}.Release|Any CPU.ActiveCfg = Release|Any CPU
		{7A98875C-8C86-C3D8-8EA4-E5FB2846A584}.Release|Any CPU.Build.0 = Release|Any CPU
		{3905AEB3-54F9-DEE0-6FAE-96E780B9AE3E}.Debug|Any CPU.ActiveCfg = Debug|Any CPU
		{3905AEB3-54F9-DEE0-6FAE-96E780B9AE3E}.Debug|Any CPU.Build.0 = Debug|Any CPU
		{3905AEB3-54F9-DEE0-6FAE-96E780B9AE3E}.Release|Any CPU.ActiveCfg = Release|Any CPU
		{3905AEB3-54F9-DEE0-6FAE-96E780B9AE3E}.Release|Any CPU.Build.0 = Release|Any CPU
	EndGlobalSection
	GlobalSection(SolutionProperties) = preSolution
		HideSolutionNode = FALSE
	EndGlobalSection
	GlobalSection(ExtensibilityGlobals) = postSolution
		SolutionGuid = {40A1A422-7293-494D-9948-59CD3384C711}
	EndGlobalSection
EndGlobal
